version: 6
environments:
  default:
    channels:
    - url: https://conda.anaconda.org/conda-forge/
    - url: https://conda.anaconda.org/pytorch/
    - url: https://conda.anaconda.org/pypi/
    indexes:
    - https://pypi.org/simple
    packages:
      linux-64:
      - conda: https://conda.anaconda.org/conda-forge/linux-64/_libgcc_mutex-0.1-conda_forge.tar.bz2
      - conda: https://conda.anaconda.org/conda-forge/linux-64/_openmp_mutex-4.5-2_gnu.tar.bz2
      - conda: https://conda.anaconda.org/conda-forge/linux-64/bzip2-1.0.8-h4bc722e_7.conda
      - conda: https://conda.anaconda.org/conda-forge/noarch/ca-certificates-2025.4.26-hbd8a1cb_0.conda
      - conda: https://conda.anaconda.org/conda-forge/linux-64/ld_impl_linux-64-2.43-h712a8e2_4.conda
      - conda: https://conda.anaconda.org/conda-forge/linux-64/libffi-3.4.6-h2dba641_1.conda
      - conda: https://conda.anaconda.org/conda-forge/linux-64/libgcc-15.1.0-h767d61c_2.conda
      - conda: https://conda.anaconda.org/conda-forge/linux-64/libgcc-ng-15.1.0-h69a702a_2.conda
      - conda: https://conda.anaconda.org/conda-forge/linux-64/libgomp-15.1.0-h767d61c_2.conda
      - conda: https://conda.anaconda.org/conda-forge/linux-64/liblzma-5.8.1-hb9d3cd8_1.conda
      - conda: https://conda.anaconda.org/conda-forge/linux-64/liblzma-devel-5.8.1-hb9d3cd8_1.conda
      - conda: https://conda.anaconda.org/conda-forge/linux-64/libnsl-2.0.1-hd590300_0.conda
      - conda: https://conda.anaconda.org/conda-forge/linux-64/libsqlite-3.49.2-hee588c1_0.conda
      - conda: https://conda.anaconda.org/conda-forge/linux-64/libuuid-2.38.1-h0b41bf4_0.conda
      - conda: https://conda.anaconda.org/conda-forge/linux-64/libxcrypt-4.4.36-hd590300_1.conda
      - conda: https://conda.anaconda.org/conda-forge/linux-64/libzlib-1.3.1-hb9d3cd8_2.conda
      - conda: https://conda.anaconda.org/conda-forge/linux-64/ncurses-6.5-h2d0b736_3.conda
      - conda: https://conda.anaconda.org/conda-forge/linux-64/openssl-3.5.0-h7b32b05_1.conda
      - conda: https://conda.anaconda.org/conda-forge/linux-64/python-3.8.20-h4a871b0_2_cpython.conda
      - conda: https://conda.anaconda.org/conda-forge/linux-64/readline-8.2-h8c095d6_2.conda
      - conda: https://conda.anaconda.org/conda-forge/linux-64/tk-8.6.13-noxft_h4845f30_101.conda
      - conda: https://conda.anaconda.org/conda-forge/linux-64/xz-5.8.1-hbcc6ac9_1.conda
      - conda: https://conda.anaconda.org/conda-forge/linux-64/xz-gpl-tools-5.8.1-hbcc6ac9_1.conda
      - conda: https://conda.anaconda.org/conda-forge/linux-64/xz-tools-5.8.1-hb9d3cd8_1.conda
      - pypi: https://files.pythonhosted.org/packages/4a/7e/3db2bd1b1f9e95f7cddca6d6e75e2f2bd9f51b1246e546d88addca0106bd/certifi-2025.4.26-py3-none-any.whl
      - pypi: https://files.pythonhosted.org/packages/2e/bb/d76d3d6e340fb0967c43c564101e28a78c9a363ea62f736a68af59ee3683/charset_normalizer-3.4.2-cp38-cp38-manylinux_2_17_x86_64.manylinux2014_x86_64.whl
      - pypi: https://files.pythonhosted.org/packages/d0/34/33f47929bbe749144ced14bf16f323e552f8389e0b0fae9e5d45398f5233/dgl-0.5.2-cp38-cp38-manylinux1_x86_64.whl
      - pypi: https://files.pythonhosted.org/packages/76/c6/c88e154df9c4e1a2a66ccf0005a88dfb2650c1dffb6f5ce603dfbd452ce3/idna-3.10-py3-none-any.whl
      - pypi: https://files.pythonhosted.org/packages/a8/05/9d4f9b78ead6b2661d6e8ea772e111fc4a9fbd866ad0c81906c11206b55e/networkx-3.1-py3-none-any.whl
      - pypi: https://files.pythonhosted.org/packages/98/5d/5738903efe0ecb73e51eb44feafba32bdba2081263d40c5043568ff60faf/numpy-1.24.4-cp38-cp38-manylinux_2_17_x86_64.manylinux2014_x86_64.whl
      - pypi: https://files.pythonhosted.org/packages/f9/9b/335f9764261e915ed497fcdeb11df5dfd6f7bf257d4a6a2a686d80da4d54/requests-2.32.3-py3-none-any.whl
      - pypi: https://files.pythonhosted.org/packages/69/f0/fb07a9548e48b687b8bf2fa81d71aba9cfc548d365046ca1c791e24db99d/scipy-1.10.1-cp38-cp38-manylinux_2_17_x86_64.manylinux2014_x86_64.whl
      - pypi: https://files.pythonhosted.org/packages/ce/d9/5f4c13cecde62396b0d3fe530a50ccea91e7dfc1ccf0e09c228841bb5ba8/urllib3-2.2.3-py3-none-any.whl
packages:
- conda: https://conda.anaconda.org/conda-forge/linux-64/_libgcc_mutex-0.1-conda_forge.tar.bz2
  sha256: fe51de6107f9edc7aa4f786a70f4a883943bc9d39b3bb7307c04c41410990726
  md5: d7c89558ba9fa0495403155b64376d81
  license: None
  purls: []
  size: 2562
  timestamp: 1578324546067
- conda: https://conda.anaconda.org/conda-forge/linux-64/_openmp_mutex-4.5-2_gnu.tar.bz2
  build_number: 16
  sha256: fbe2c5e56a653bebb982eda4876a9178aedfc2b545f25d0ce9c4c0b508253d22
  md5: 73aaf86a425cc6e73fcf236a5a46396d
  depends:
  - _libgcc_mutex 0.1 conda_forge
  - libgomp >=7.5.0
  constrains:
  - openmp_impl 9999
  license: BSD-3-Clause
  license_family: BSD
  purls: []
  size: 23621
  timestamp: 1650670423406
- conda: https://conda.anaconda.org/conda-forge/linux-64/bzip2-1.0.8-h4bc722e_7.conda
  sha256: 5ced96500d945fb286c9c838e54fa759aa04a7129c59800f0846b4335cee770d
  md5: 62ee74e96c5ebb0af99386de58cf9553
  depends:
  - __glibc >=2.17,<3.0.a0
  - libgcc-ng >=12
  license: bzip2-1.0.6
  license_family: BSD
  purls: []
  size: 252783
  timestamp: 1720974456583
- conda: https://conda.anaconda.org/conda-forge/noarch/ca-certificates-2025.4.26-hbd8a1cb_0.conda
  sha256: 2a70ed95ace8a3f8a29e6cd1476a943df294a7111dfb3e152e3478c4c889b7ac
  md5: 95db94f75ba080a22eb623590993167b
  depends:
  - __unix
  license: ISC
  purls: []
  size: 152283
  timestamp: 1745653616541
- pypi: https://files.pythonhosted.org/packages/4a/7e/3db2bd1b1f9e95f7cddca6d6e75e2f2bd9f51b1246e546d88addca0106bd/certifi-2025.4.26-py3-none-any.whl
  name: certifi
  version: 2025.4.26
  sha256: 30350364dfe371162649852c63336a15c70c6510c2ad5015b21c2345311805f3
  requires_python: '>=3.6'
- pypi: https://files.pythonhosted.org/packages/2e/bb/d76d3d6e340fb0967c43c564101e28a78c9a363ea62f736a68af59ee3683/charset_normalizer-3.4.2-cp38-cp38-manylinux_2_17_x86_64.manylinux2014_x86_64.whl
  name: charset-normalizer
  version: 3.4.2
  sha256: 6333b3aa5a12c26b2a4d4e7335a28f1475e0e5e17d69d55141ee3cab736f66d1
  requires_python: '>=3.7'
- pypi: https://files.pythonhosted.org/packages/d0/34/33f47929bbe749144ced14bf16f323e552f8389e0b0fae9e5d45398f5233/dgl-0.5.2-cp38-cp38-manylinux1_x86_64.whl
  name: dgl
  version: 0.5.2
  sha256: b86d5449a5cf1eedf45cde718159c0fbfd148b9fa3810c18c638dabf310eb334
  requires_dist:
  - numpy>=1.14.0
  - scipy>=1.1.0
  - networkx>=2.1
  - requests>=2.19.0
- pypi: https://files.pythonhosted.org/packages/76/c6/c88e154df9c4e1a2a66ccf0005a88dfb2650c1dffb6f5ce603dfbd452ce3/idna-3.10-py3-none-any.whl
  name: idna
  version: '3.10'
  sha256: 946d195a0d259cbba61165e88e65941f16e9b36ea6ddb97f00452bae8b1287d3
  requires_dist:
  - ruff>=0.6.2 ; extra == 'all'
  - mypy>=1.11.2 ; extra == 'all'
  - pytest>=8.3.2 ; extra == 'all'
  - flake8>=7.1.1 ; extra == 'all'
  requires_python: '>=3.6'
- conda: https://conda.anaconda.org/conda-forge/linux-64/ld_impl_linux-64-2.43-h712a8e2_4.conda
  sha256: db73f38155d901a610b2320525b9dd3b31e4949215c870685fd92ea61b5ce472
  md5: 01f8d123c96816249efd255a31ad7712
  depends:
  - __glibc >=2.17,<3.0.a0
  constrains:
  - binutils_impl_linux-64 2.43
  license: GPL-3.0-only
  license_family: GPL
  purls: []
  size: 671240
  timestamp: 1740155456116
- conda: https://conda.anaconda.org/conda-forge/linux-64/libffi-3.4.6-h2dba641_1.conda
  sha256: 764432d32db45466e87f10621db5b74363a9f847d2b8b1f9743746cd160f06ab
  md5: ede4673863426c0883c0063d853bbd85
  depends:
  - __glibc >=2.17,<3.0.a0
  - libgcc >=13
  license: MIT
  license_family: MIT
  purls: []
  size: 57433
  timestamp: 1743434498161
- conda: https://conda.anaconda.org/conda-forge/linux-64/libgcc-15.1.0-h767d61c_2.conda
  sha256: 0024f9ab34c09629621aefd8603ef77bf9d708129b0dd79029e502c39ffc2195
  md5: ea8ac52380885ed41c1baa8f1d6d2b93
  depends:
  - __glibc >=2.17,<3.0.a0
  - _openmp_mutex >=4.5
  constrains:
  - libgcc-ng ==15.1.0=*_2
  - libgomp 15.1.0 h767d61c_2
  license: GPL-3.0-only WITH GCC-exception-3.1
  license_family: GPL
  purls: []
  size: 829108
  timestamp: 1746642191935
- conda: https://conda.anaconda.org/conda-forge/linux-64/libgcc-ng-15.1.0-h69a702a_2.conda
  sha256: 0ab5421a89f090f3aa33841036bb3af4ed85e1f91315b528a9d75fab9aad51ae
  md5: ddca86c7040dd0e73b2b69bd7833d225
  depends:
  - libgcc 15.1.0 h767d61c_2
  license: GPL-3.0-only WITH GCC-exception-3.1
  license_family: GPL
  purls: []
  size: 34586
  timestamp: 1746642200749
- conda: https://conda.anaconda.org/conda-forge/linux-64/libgomp-15.1.0-h767d61c_2.conda
  sha256: 05fff3dc7e80579bc28de13b511baec281c4343d703c406aefd54389959154fb
  md5: fbe7d535ff9d3a168c148e07358cd5b1
  depends:
  - __glibc >=2.17,<3.0.a0
  license: GPL-3.0-only WITH GCC-exception-3.1
  license_family: GPL
  purls: []
  size: 452635
  timestamp: 1746642113092
- conda: https://conda.anaconda.org/conda-forge/linux-64/liblzma-5.8.1-hb9d3cd8_1.conda
  sha256: eeff241bddc8f1b87567dd6507c9f441f7f472c27f0860a07628260c000ef27c
  md5: a76fd702c93cd2dfd89eff30a5fd45a8
  depends:
  - __glibc >=2.17,<3.0.a0
  - libgcc >=13
  constrains:
  - xz 5.8.1.*
  - xz ==5.8.1=*_1
  license: 0BSD
  purls: []
  size: 112845
  timestamp: 1746531470399
- conda: https://conda.anaconda.org/conda-forge/linux-64/liblzma-devel-5.8.1-hb9d3cd8_1.conda
  sha256: f157a2da5f7bf2c5ce5a18c52ccc76c39f075f7fbb1584d585a8d25c1b17cb92
  md5: 5499e2dd2f567a818b9f111e47caebd2
  depends:
  - __glibc >=2.17,<3.0.a0
  - libgcc >=13
  - liblzma 5.8.1 hb9d3cd8_1
  license: 0BSD
  purls: []
  size: 441592
  timestamp: 1746531484594
- conda: https://conda.anaconda.org/conda-forge/linux-64/libnsl-2.0.1-hd590300_0.conda
  sha256: 26d77a3bb4dceeedc2a41bd688564fe71bf2d149fdcf117049970bc02ff1add6
  md5: 30fd6e37fe21f86f4bd26d6ee73eeec7
  depends:
  - libgcc-ng >=12
  license: LGPL-2.1-only
  license_family: GPL
  purls: []
  size: 33408
  timestamp: 1697359010159
- conda: https://conda.anaconda.org/conda-forge/linux-64/libsqlite-3.49.2-hee588c1_0.conda
  sha256: 525d4a0e24843f90b3ff1ed733f0a2e408aa6dd18b9d4f15465595e078e104a2
  md5: 93048463501053a00739215ea3f36324
  depends:
  - __glibc >=2.17,<3.0.a0
  - libgcc >=13
  - libzlib >=1.3.1,<2.0a0
  license: Unlicense
  purls: []
  size: 916313
  timestamp: 1746637007836
- conda: https://conda.anaconda.org/conda-forge/linux-64/libuuid-2.38.1-h0b41bf4_0.conda
  sha256: 787eb542f055a2b3de553614b25f09eefb0a0931b0c87dbcce6efdfd92f04f18
  md5: 40b61aab5c7ba9ff276c41cfffe6b80b
  depends:
  - libgcc-ng >=12
  license: BSD-3-Clause
  license_family: BSD
  purls: []
  size: 33601
  timestamp: 1680112270483
- conda: https://conda.anaconda.org/conda-forge/linux-64/libxcrypt-4.4.36-hd590300_1.conda
  sha256: 6ae68e0b86423ef188196fff6207ed0c8195dd84273cb5623b85aa08033a410c
  md5: 5aa797f8787fe7a17d1b0821485b5adc
  depends:
  - libgcc-ng >=12
  license: LGPL-2.1-or-later
  purls: []
  size: 100393
  timestamp: 1702724383534
- conda: https://conda.anaconda.org/conda-forge/linux-64/libzlib-1.3.1-hb9d3cd8_2.conda
  sha256: d4bfe88d7cb447768e31650f06257995601f89076080e76df55e3112d4e47dc4
  md5: edb0dca6bc32e4f4789199455a1dbeb8
  depends:
  - __glibc >=2.17,<3.0.a0
  - libgcc >=13
  constrains:
  - zlib 1.3.1 *_2
  license: Zlib
  license_family: Other
  purls: []
  size: 60963
  timestamp: 1727963148474
- conda: https://conda.anaconda.org/conda-forge/linux-64/ncurses-6.5-h2d0b736_3.conda
  sha256: 3fde293232fa3fca98635e1167de6b7c7fda83caf24b9d6c91ec9eefb4f4d586
  md5: 47e340acb35de30501a76c7c799c41d7
  depends:
  - __glibc >=2.17,<3.0.a0
  - libgcc >=13
  license: X11 AND BSD-3-Clause
  purls: []
  size: 891641
  timestamp: 1738195959188
- pypi: https://files.pythonhosted.org/packages/a8/05/9d4f9b78ead6b2661d6e8ea772e111fc4a9fbd866ad0c81906c11206b55e/networkx-3.1-py3-none-any.whl
  name: networkx
  version: '3.1'
  sha256: 4f33f68cb2afcf86f28a45f43efc27a9386b535d567d2127f8f61d51dec58d36
  requires_dist:
  - numpy>=1.20 ; extra == 'default'
  - scipy>=1.8 ; extra == 'default'
  - matplotlib>=3.4 ; extra == 'default'
  - pandas>=1.3 ; extra == 'default'
  - pre-commit>=3.2 ; extra == 'developer'
  - mypy>=1.1 ; extra == 'developer'
  - sphinx>=6.1 ; extra == 'doc'
  - pydata-sphinx-theme>=0.13 ; extra == 'doc'
  - sphinx-gallery>=0.12 ; extra == 'doc'
  - numpydoc>=1.5 ; extra == 'doc'
  - pillow>=9.4 ; extra == 'doc'
  - nb2plots>=0.6 ; extra == 'doc'
  - texext>=0.6.7 ; extra == 'doc'
  - lxml>=4.6 ; extra == 'extra'
  - pygraphviz>=1.10 ; extra == 'extra'
  - pydot>=1.4.2 ; extra == 'extra'
  - sympy>=1.10 ; extra == 'extra'
  - pytest>=7.2 ; extra == 'test'
  - pytest-cov>=4.0 ; extra == 'test'
  - codecov>=2.1 ; extra == 'test'
  requires_python: '>=3.8'
- pypi: https://files.pythonhosted.org/packages/98/5d/5738903efe0ecb73e51eb44feafba32bdba2081263d40c5043568ff60faf/numpy-1.24.4-cp38-cp38-manylinux_2_17_x86_64.manylinux2014_x86_64.whl
  name: numpy
  version: 1.24.4
  sha256: dd80e219fd4c71fc3699fc1dadac5dcf4fd882bfc6f7ec53d30fa197b8ee22dc
  requires_python: '>=3.8'
- conda: https://conda.anaconda.org/conda-forge/linux-64/openssl-3.5.0-h7b32b05_1.conda
  sha256: b4491077c494dbf0b5eaa6d87738c22f2154e9277e5293175ec187634bd808a0
  md5: de356753cfdbffcde5bb1e86e3aa6cd0
  depends:
  - __glibc >=2.17,<3.0.a0
  - ca-certificates
  - libgcc >=13
  license: Apache-2.0
  license_family: Apache
  purls: []
  size: 3117410
  timestamp: 1746223723843
- conda: https://conda.anaconda.org/conda-forge/linux-64/python-3.8.20-h4a871b0_2_cpython.conda
  build_number: 2
  sha256: 8043dcdb29e1e026d0def1056620d81b24c04f71fd98cc45888c58373b479845
  md5: 05ffff2f44ad60b94ecb53d029c6bdf7
  depends:
  - __glibc >=2.17,<3.0.a0
  - bzip2 >=1.0.8,<2.0a0
  - ld_impl_linux-64 >=2.36.1
  - libffi >=3.4,<4.0a0
  - libgcc >=13
  - libnsl >=2.0.1,<2.1.0a0
  - libsqlite >=3.46.1,<4.0a0
  - libuuid >=2.38.1,<3.0a0
  - libxcrypt >=4.4.36
  - libzlib >=1.3.1,<2.0a0
  - ncurses >=6.5,<7.0a0
  - openssl >=3.3.2,<4.0a0
  - readline >=8.2,<9.0a0
  - tk >=8.6.13,<8.7.0a0
  - xz >=5.2.6,<6.0a0
  constrains:
  - python_abi 3.8.* *_cp38
  license: Python-2.0
  purls: []
  size: 22176012
  timestamp: 1727719857908
- conda: https://conda.anaconda.org/conda-forge/linux-64/readline-8.2-h8c095d6_2.conda
  sha256: 2d6d0c026902561ed77cd646b5021aef2d4db22e57a5b0178dfc669231e06d2c
  md5: 283b96675859b20a825f8fa30f311446
  depends:
  - libgcc >=13
  - ncurses >=6.5,<7.0a0
  license: GPL-3.0-only
  license_family: GPL
  purls: []
  size: 282480
  timestamp: 1740379431762
- pypi: https://files.pythonhosted.org/packages/f9/9b/335f9764261e915ed497fcdeb11df5dfd6f7bf257d4a6a2a686d80da4d54/requests-2.32.3-py3-none-any.whl
  name: requests
  version: 2.32.3
  sha256: 70761cfe03c773ceb22aa2f671b4757976145175cdfca038c02654d061d6dcc6
  requires_dist:
  - charset-normalizer>=2,<4
  - idna>=2.5,<4
  - urllib3>=1.21.1,<3
  - certifi>=2017.4.17
  - pysocks>=1.5.6,!=1.5.7 ; extra == 'socks'
  - chardet>=3.0.2,<6 ; extra == 'use-chardet-on-py3'
  requires_python: '>=3.8'
- pypi: https://files.pythonhosted.org/packages/69/f0/fb07a9548e48b687b8bf2fa81d71aba9cfc548d365046ca1c791e24db99d/scipy-1.10.1-cp38-cp38-manylinux_2_17_x86_64.manylinux2014_x86_64.whl
  name: scipy
  version: 1.10.1
  sha256: 07c3457ce0b3ad5124f98a86533106b643dd811dd61b548e78cf4c8786652f6f
  requires_dist:
  - numpy>=1.19.5,<1.27.0
  - pytest ; extra == 'test'
  - pytest-cov ; extra == 'test'
  - pytest-timeout ; extra == 'test'
  - pytest-xdist ; extra == 'test'
  - asv ; extra == 'test'
  - mpmath ; extra == 'test'
  - gmpy2 ; extra == 'test'
  - threadpoolctl ; extra == 'test'
  - scikit-umfpack ; extra == 'test'
  - pooch ; extra == 'test'
  - sphinx!=4.1.0 ; extra == 'doc'
  - pydata-sphinx-theme==0.9.0 ; extra == 'doc'
  - sphinx-design>=0.2.0 ; extra == 'doc'
  - matplotlib>2 ; extra == 'doc'
  - numpydoc ; extra == 'doc'
  - mypy ; extra == 'dev'
  - typing-extensions ; extra == 'dev'
  - pycodestyle ; extra == 'dev'
  - flake8 ; extra == 'dev'
  - rich-click ; extra == 'dev'
  - click ; extra == 'dev'
  - doit>=0.36.0 ; extra == 'dev'
  - pydevtool ; extra == 'dev'
  requires_python: '>=3.8,<3.12'
- conda: https://conda.anaconda.org/conda-forge/linux-64/tk-8.6.13-noxft_h4845f30_101.conda
  sha256: e0569c9caa68bf476bead1bed3d79650bb080b532c64a4af7d8ca286c08dea4e
  md5: d453b98d9c83e71da0741bb0ff4d76bc
  depends:
  - libgcc-ng >=12
  - libzlib >=1.2.13,<2.0.0a0
  license: TCL
  license_family: BSD
  purls: []
  size: 3318875
  timestamp: 1699202167581
- pypi: https://files.pythonhosted.org/packages/ce/d9/5f4c13cecde62396b0d3fe530a50ccea91e7dfc1ccf0e09c228841bb5ba8/urllib3-2.2.3-py3-none-any.whl
  name: urllib3
  version: 2.2.3
  sha256: ca899ca043dcb1bafa3e262d73aa25c465bfb49e0bd9dd5d59f1d0acba2f8fac
  requires_dist:
  - brotli>=1.0.9 ; platform_python_implementation == 'CPython' and extra == 'brotli'
  - brotlicffi>=0.8.0 ; platform_python_implementation != 'CPython' and extra == 'brotli'
  - h2>=4,<5 ; extra == 'h2'
  - pysocks>=1.5.6,!=1.5.7,<2.0 ; extra == 'socks'
  - zstandard>=0.18.0 ; extra == 'zstd'
  requires_python: '>=3.8'
- conda: https://conda.anaconda.org/conda-forge/linux-64/xz-5.8.1-hbcc6ac9_1.conda
  sha256: 178b04c2f35261a1f9a272901d2533c88d50416745509450ca56f7bc76f4a268
  md5: 46600bb863ef3f2f565e7e0458f3d3bc
  depends:
  - __glibc >=2.17,<3.0.a0
  - libgcc >=13
  - liblzma 5.8.1 hb9d3cd8_1
  - liblzma-devel 5.8.1 hb9d3cd8_1
  - xz-gpl-tools 5.8.1 hbcc6ac9_1
  - xz-tools 5.8.1 hb9d3cd8_1
  license: 0BSD AND LGPL-2.1-or-later AND GPL-2.0-or-later
  purls: []
  size: 23933
  timestamp: 1746531531849
- conda: https://conda.anaconda.org/conda-forge/linux-64/xz-gpl-tools-5.8.1-hbcc6ac9_1.conda
  sha256: 1f66e240fd37f66dfaff27f55f0e69008c4fdbbb02766cd2e0a60d2de85d49b4
  md5: 23d49402c43d1ea67aca3685acedc0ae
  depends:
  - __glibc >=2.17,<3.0.a0
  - libgcc >=13
  - liblzma 5.8.1 hb9d3cd8_1
  constrains:
  - xz 5.8.1.*
  - xz ==5.8.1=*_1
  license: 0BSD AND LGPL-2.1-or-later AND GPL-2.0-or-later
  purls: []
  size: 33852
  timestamp: 1746531515485
- conda: https://conda.anaconda.org/conda-forge/linux-64/xz-tools-5.8.1-hb9d3cd8_1.conda
  sha256: d219c162f2bf0bb851bfe4fbcb70f118b4f518e0e1c46ae72726bc5b9dde6f24
  md5: 966d5f3958ecfaf49a9a060dfb81eb85
  depends:
  - __glibc >=2.17,<3.0.a0
  - libgcc >=13
  - liblzma 5.8.1 hb9d3cd8_1
  constrains:
  - xz 5.8.1.*
  - xz ==5.8.1=*_1
  license: 0BSD AND LGPL-2.1-or-later
  purls: []
  size: 96134
  timestamp: 1746531500507
